Microsoft Visual Studio Solution File, Format Version 11.00
# Visual Studio 2008

Project("{3692EE59-324E-FA17-4DAE-F1B3F8B25144}") = "MofC", "Assembly-CSharp.csproj", "{D830F602-68A8-D0A5-27F6-FD0E20637318}"
EndProject
Project("{3692EE59-324E-FA17-4DAE-F1B3F8B25144}") = "MofC", "Assembly-CSharp-Editor.csproj", "{91CC9594-9547-0932-C7AE-481961922AC5}"
EndProject
Project("{3692EE59-324E-FA17-4DAE-F1B3F8B25144}") = "MofC", "Assembly-UnityScript.unityproj", "{5E08C71B-E76C-42F2-CFA3-C0C0003DA89E}"
EndProject
Global
	GlobalSection(SolutionConfigurationPlatforms) = preSolution
		Debug|Any CPU = Debug|Any CPU
		Release|Any CPU = Release|Any CPU
	EndGlobalSection
	GlobalSection(ProjectConfigurationPlatforms) = postSolution
		{D830F602-68A8-D0A5-27F6-FD0E20637318}.Debug|Any CPU.ActiveCfg = Debug|Any CPU
		{D830F602-68A8-D0A5-27F6-FD0E20637318}.Debug|Any CPU.Build.0 = Debug|Any CPU
		{D830F602-68A8-D0A5-27F6-FD0E20637318}.Release|Any CPU.ActiveCfg = Release|Any CPU
		{D830F602-68A8-D0A5-27F6-FD0E20637318}.Release|Any CPU.Build.0 = Release|Any CPU
		{91CC9594-9547-0932-C7AE-481961922AC5}.Debug|Any CPU.ActiveCfg = Debug|Any CPU
		{91CC9594-9547-0932-C7AE-481961922AC5}.Debug|Any CPU.Build.0 = Debug|Any CPU
		{91CC9594-9547-0932-C7AE-481961922AC5}.Release|Any CPU.ActiveCfg = Release|Any CPU
		{91CC9594-9547-0932-C7AE-481961922AC5}.Release|Any CPU.Build.0 = Release|Any CPU
		{5E08C71B-E76C-42F2-CFA3-C0C0003DA89E}.Debug|Any CPU.ActiveCfg = Debug|Any CPU
		{5E08C71B-E76C-42F2-CFA3-C0C0003DA89E}.Debug|Any CPU.Build.0 = Debug|Any CPU
		{5E08C71B-E76C-42F2-CFA3-C0C0003DA89E}.Release|Any CPU.ActiveCfg = Release|Any CPU
		{5E08C71B-E76C-42F2-CFA3-C0C0003DA89E}.Release|Any CPU.Build.0 = Release|Any CPU
	EndGlobalSection
	GlobalSection(SolutionProperties) = preSolution
		HideSolutionNode = FALSE
	EndGlobalSection
																																																																																								GlobalSection(MonoDevelopProperties) = preSolution
		StartupItem = Assembly-CSharp.csproj
		Policies = $0
		$0.TextStylePolicy = $1
		$1.inheritsSet = null
		$1.scope = text/x-csharp
		$0.CSharpFormattingPolicy = $2
		$2.inheritsSet = Mono
		$2.inheritsScope = text/x-csharp
		$2.scope = text/x-csharp
		$0.TextStylePolicy = $3
		$3.FileWidth = 120
		$3.TabWidth = 4
		$3.IndentWidth = 4
		$3.EolMarker = Unix
		$3.inheritsSet = Mono
		$3.inheritsScope = text/plain
		$3.scope = text/plain
	EndGlobalSection

EndGlobal
